
Microsoft Visual Studio Solution File, Format Version 12.00
# Visual Studio Version 17
VisualStudioVersion = 17.3.32714.290
MinimumVisualStudioVersion = 10.0.40219.1
Project("{9A19103F-16F7-4668-BE54-9A1E7A4F7556}") = "Food.API", "Food.API\Food.API.csproj", "{ED1BF6AA-8B68-4567-8752-7642D0F9B215}"
EndProject
Project("{E53339B2-1760-4266-BCC7-CA923CBCF16C}") = "docker-compose", "docker-compose.dcproj", "{D32BAC5E-C123-4442-A19E-7F36AF495F25}"
EndProject
Global
	GlobalSection(SolutionConfigurationPlatforms) = preSolution
		Debug|Any CPU = Debug|Any CPU
		Release|Any CPU = Release|Any CPU
	EndGlobalSection
	GlobalSection(ProjectConfigurationPlatforms) = postSolution
		{ED1BF6AA-8B68-4567-8752-7642D0F9B215}.Debug|Any CPU.ActiveCfg = Debug|Any CPU
		{ED1BF6AA-8B68-4567-8752-7642D0F9B215}.Debug|Any CPU.Build.0 = Debug|Any CPU
		{ED1BF6AA-8B68-4567-8752-7642D0F9B215}.Release|Any CPU.ActiveCfg = Release|Any CPU
		{ED1BF6AA-8B68-4567-8752-7642D0F9B215}.Release|Any CPU.Build.0 = Release|Any CPU
		{D32BAC5E-C123-4442-A19E-7F36AF495F25}.Debug|Any CPU.ActiveCfg = Debug|Any CPU
		{D32BAC5E-C123-4442-A19E-7F36AF495F25}.Debug|Any CPU.Build.0 = Debug|Any CPU
		{D32BAC5E-C123-4442-A19E-7F36AF495F25}.Release|Any CPU.ActiveCfg = Release|Any CPU
		{D32BAC5E-C123-4442-A19E-7F36AF495F25}.Release|Any CPU.Build.0 = Release|Any CPU
	EndGlobalSection
	GlobalSection(SolutionProperties) = preSolution
		HideSolutionNode = FALSE
	EndGlobalSection
	GlobalSection(ExtensibilityGlobals) = postSolution
		SolutionGuid = {F1A05938-C97A-42B6-90F6-2CD78761A6A3}
	EndGlobalSection
EndGlobal
